
Microsoft Visual Studio Solution File, Format Version 12.00
# Visual Studio Version 16
VisualStudioVersion = 16.0.30406.217
MinimumVisualStudioVersion = 10.0.40219.1
Project("{FAE04EC0-301F-11D3-BF4B-00C04F79EFBC}") = "Lesson4", "Lesson4\Lesson4.csproj", "{14BE8FD2-B2FA-4A87-B507-8525B9107B83}"
EndProject
Project("{FAE04EC0-301F-11D3-BF4B-00C04F79EFBC}") = "Lesson4_2", "Lesson4_2\Lesson4_2.csproj", "{9DC8336E-EDA6-4F49-906F-190B7C79E605}"
EndProject
Project("{2150E333-8FDC-42A3-9474-1A3956D46DE8}") = "Lesson4-1", "Lesson4-1", "{B758C896-C52B-4966-8E4D-CFAC4B09AEF6}"
EndProject
Project("{2150E333-8FDC-42A3-9474-1A3956D46DE8}") = "Lesson4-2", "Lesson4-2", "{0CBE0EED-FD70-43D5-A8B6-5237778A14C2}"
EndProject
Project("{2150E333-8FDC-42A3-9474-1A3956D46DE8}") = "Lesson4-3", "Lesson4-3", "{88A80BDF-9ED8-4DB8-B03E-E0CEC1007CA6}"
EndProject
Global
	GlobalSection(SolutionConfigurationPlatforms) = preSolution
		Debug|Any CPU = Debug|Any CPU
		Release|Any CPU = Release|Any CPU
	EndGlobalSection
	GlobalSection(ProjectConfigurationPlatforms) = postSolution
		{14BE8FD2-B2FA-4A87-B507-8525B9107B83}.Debug|Any CPU.ActiveCfg = Debug|Any CPU
		{14BE8FD2-B2FA-4A87-B507-8525B9107B83}.Debug|Any CPU.Build.0 = Debug|Any CPU
		{14BE8FD2-B2FA-4A87-B507-8525B9107B83}.Release|Any CPU.ActiveCfg = Release|Any CPU
		{14BE8FD2-B2FA-4A87-B507-8525B9107B83}.Release|Any CPU.Build.0 = Release|Any CPU
		{9DC8336E-EDA6-4F49-906F-190B7C79E605}.Debug|Any CPU.ActiveCfg = Debug|Any CPU
		{9DC8336E-EDA6-4F49-906F-190B7C79E605}.Debug|Any CPU.Build.0 = Debug|Any CPU
		{9DC8336E-EDA6-4F49-906F-190B7C79E605}.Release|Any CPU.ActiveCfg = Release|Any CPU
		{9DC8336E-EDA6-4F49-906F-190B7C79E605}.Release|Any CPU.Build.0 = Release|Any CPU
	EndGlobalSection
	GlobalSection(SolutionProperties) = preSolution
		HideSolutionNode = FALSE
	EndGlobalSection
	GlobalSection(NestedProjects) = preSolution
		{14BE8FD2-B2FA-4A87-B507-8525B9107B83} = {B758C896-C52B-4966-8E4D-CFAC4B09AEF6}
		{9DC8336E-EDA6-4F49-906F-190B7C79E605} = {0CBE0EED-FD70-43D5-A8B6-5237778A14C2}
	EndGlobalSection
	GlobalSection(ExtensibilityGlobals) = postSolution
		SolutionGuid = {9ABDEE1B-9897-4BD2-BB8A-44976E351D59}
	EndGlobalSection
EndGlobal
