
Microsoft Visual Studio Solution File, Format Version 12.00
# Visual Studio Version 16
VisualStudioVersion = 16.0.30406.217
MinimumVisualStudioVersion = 10.0.40219.1
Project("{FAE04EC0-301F-11D3-BF4B-00C04F79EFBC}") = "Lesson2-5", "Lesson2-5\Lesson2-5.csproj", "{F75B4884-A343-48DF-A32B-51A8D0AB21FD}"
EndProject
Global
	GlobalSection(SolutionConfigurationPlatforms) = preSolution
		Debug|Any CPU = Debug|Any CPU
		Release|Any CPU = Release|Any CPU
	EndGlobalSection
	GlobalSection(ProjectConfigurationPlatforms) = postSolution
		{F75B4884-A343-48DF-A32B-51A8D0AB21FD}.Debug|Any CPU.ActiveCfg = Debug|Any CPU
		{F75B4884-A343-48DF-A32B-51A8D0AB21FD}.Debug|Any CPU.Build.0 = Debug|Any CPU
		{F75B4884-A343-48DF-A32B-51A8D0AB21FD}.Release|Any CPU.ActiveCfg = Release|Any CPU
		{F75B4884-A343-48DF-A32B-51A8D0AB21FD}.Release|Any CPU.Build.0 = Release|Any CPU
	EndGlobalSection
	GlobalSection(SolutionProperties) = preSolution
		HideSolutionNode = FALSE
	EndGlobalSection
	GlobalSection(ExtensibilityGlobals) = postSolution
		SolutionGuid = {AB56CEE8-6531-4373-8D93-6253062C822D}
	EndGlobalSection
EndGlobal
