
Microsoft Visual Studio Solution File, Format Version 12.00
# Visual Studio Version 16
VisualStudioVersion = 16.0.30406.217
MinimumVisualStudioVersion = 10.0.40219.1
Project("{FAE04EC0-301F-11D3-BF4B-00C04F79EFBC}") = "Lesson3_1", "Lesson3_1\Lesson3_1.csproj", "{50594438-BD6D-4386-80D5-3C516E0A10DB}"
EndProject
Global
	GlobalSection(SolutionConfigurationPlatforms) = preSolution
		Debug|Any CPU = Debug|Any CPU
		Release|Any CPU = Release|Any CPU
	EndGlobalSection
	GlobalSection(ProjectConfigurationPlatforms) = postSolution
		{50594438-BD6D-4386-80D5-3C516E0A10DB}.Debug|Any CPU.ActiveCfg = Debug|Any CPU
		{50594438-BD6D-4386-80D5-3C516E0A10DB}.Debug|Any CPU.Build.0 = Debug|Any CPU
		{50594438-BD6D-4386-80D5-3C516E0A10DB}.Release|Any CPU.ActiveCfg = Release|Any CPU
		{50594438-BD6D-4386-80D5-3C516E0A10DB}.Release|Any CPU.Build.0 = Release|Any CPU
	EndGlobalSection
	GlobalSection(SolutionProperties) = preSolution
		HideSolutionNode = FALSE
	EndGlobalSection
	GlobalSection(ExtensibilityGlobals) = postSolution
		SolutionGuid = {55C60CAF-A2D4-4539-852F-052D0D7324B7}
	EndGlobalSection
EndGlobal
